
Microsoft Visual Studio Solution File, Format Version 12.00
# Visual Studio Version 17
VisualStudioVersion = 17.11.35312.102
MinimumVisualStudioVersion = 10.0.40219.1
Project("{FAE04EC0-301F-11D3-BF4B-00C04F79EFBC}") = "VotingSystem", "VotingSystem\VotingSystem.csproj", "{EBABB5E8-AE20-4DD6-8BE7-64117AA33207}"
EndProject
Project("{FAE04EC0-301F-11D3-BF4B-00C04F79EFBC}") = "VotingSystem.Data", "VotingSystem.Data\VotingSystem.Data.csproj", "{A04E644F-C5FA-46AC-B33F-978AAB94592B}"
EndProject
Project("{FAE04EC0-301F-11D3-BF4B-00C04F79EFBC}") = "VotingSystem.Infrastructure", "VotingSystem.Infrastructure\VotingSystem.Infrastructure.csproj", "{9E918D5B-8C62-41B0-9502-8C7B4B57C4C9}"
EndProject
Global
	GlobalSection(SolutionConfigurationPlatforms) = preSolution
		Debug|Any CPU = Debug|Any CPU
		Release|Any CPU = Release|Any CPU
	EndGlobalSection
	GlobalSection(ProjectConfigurationPlatforms) = postSolution
		{EBABB5E8-AE20-4DD6-8BE7-64117AA33207}.Debug|Any CPU.ActiveCfg = Debug|Any CPU
		{EBABB5E8-AE20-4DD6-8BE7-64117AA33207}.Debug|Any CPU.Build.0 = Debug|Any CPU
		{EBABB5E8-AE20-4DD6-8BE7-64117AA33207}.Release|Any CPU.ActiveCfg = Release|Any CPU
		{EBABB5E8-AE20-4DD6-8BE7-64117AA33207}.Release|Any CPU.Build.0 = Release|Any CPU
		{A04E644F-C5FA-46AC-B33F-978AAB94592B}.Debug|Any CPU.ActiveCfg = Debug|Any CPU
		{A04E644F-C5FA-46AC-B33F-978AAB94592B}.Debug|Any CPU.Build.0 = Debug|Any CPU
		{A04E644F-C5FA-46AC-B33F-978AAB94592B}.Release|Any CPU.ActiveCfg = Release|Any CPU
		{A04E644F-C5FA-46AC-B33F-978AAB94592B}.Release|Any CPU.Build.0 = Release|Any CPU
		{9E918D5B-8C62-41B0-9502-8C7B4B57C4C9}.Debug|Any CPU.ActiveCfg = Debug|Any CPU
		{9E918D5B-8C62-41B0-9502-8C7B4B57C4C9}.Debug|Any CPU.Build.0 = Debug|Any CPU
		{9E918D5B-8C62-41B0-9502-8C7B4B57C4C9}.Release|Any CPU.ActiveCfg = Release|Any CPU
		{9E918D5B-8C62-41B0-9502-8C7B4B57C4C9}.Release|Any CPU.Build.0 = Release|Any CPU
	EndGlobalSection
	GlobalSection(SolutionProperties) = preSolution
		HideSolutionNode = FALSE
	EndGlobalSection
	GlobalSection(ExtensibilityGlobals) = postSolution
		SolutionGuid = {B1F84885-53A5-45FB-B5ED-BE2ACCD5CEB2}
	EndGlobalSection
EndGlobal
